
Microsoft Visual Studio Solution File, Format Version 12.00
# Visual Studio Version 17
VisualStudioVersion = 17.2.32630.192
MinimumVisualStudioVersion = 10.0.40219.1
Project("{9A19103F-16F7-4668-BE54-9A1E7A4F7556}") = "FooCommerce.Web", "FooCommerce.Web\FooCommerce.Web.csproj", "{EE655A6B-8BCF-4708-AB91-F596D7D4C34E}"
EndProject
Project("{9A19103F-16F7-4668-BE54-9A1E7A4F7556}") = "FooCommerce.Infrastructure", "FooCommerce.Infrastructure\FooCommerce.Infrastructure.csproj", "{C1AD93BD-1A8B-4C83-AC22-CC5981316BDC}"
EndProject
Project("{2150E333-8FDC-42A3-9474-1A3956D46DE8}") = "Application", "Application", "{3DD15003-83CE-4BEB-9889-B5531F0EF56F}"
EndProject
Project("{2150E333-8FDC-42A3-9474-1A3956D46DE8}") = "Presentation", "Presentation", "{39909B93-4087-4853-95F7-D5430DAB3241}"
EndProject
Project("{9A19103F-16F7-4668-BE54-9A1E7A4F7556}") = "FooCommerce.Ordering", "FooCommerce.Ordering\FooCommerce.Ordering.csproj", "{87AF1498-6A8D-4549-9C8F-0A94C3AB69EE}"
EndProject
Project("{9A19103F-16F7-4668-BE54-9A1E7A4F7556}") = "FooCommerce.Domain", "FooCommerce.Domain\FooCommerce.Domain.csproj", "{FD09E8FC-D2D4-41D8-B4CB-3586C37EE290}"
EndProject
Project("{9A19103F-16F7-4668-BE54-9A1E7A4F7556}") = "FooCommerce.Products", "FooCommerce.Products\FooCommerce.Products.csproj", "{C66BF58E-319D-460A-8FCE-3E8CFAE75419}"
EndProject
Project("{9A19103F-16F7-4668-BE54-9A1E7A4F7556}") = "FooCommerce.Products.PurchasableItems", "FooCommerce.Products.PurchasableItems\FooCommerce.Products.PurchasableItems.csproj", "{AB790E53-6847-4BC6-A878-B0C445981725}"
EndProject
Project("{9A19103F-16F7-4668-BE54-9A1E7A4F7556}") = "FooCommerce.Products.DigitalProducts", "FooCommerce.Products.DigitalProducts\FooCommerce.Products.DigitalProducts.csproj", "{DBA6D91B-0283-4F63-B8C4-43A41D6E5969}"
EndProject
Project("{2150E333-8FDC-42A3-9474-1A3956D46DE8}") = "Plugins", "Plugins", "{1F15DC35-A5DF-40B5-837E-B71F4EA2821E}"
EndProject
Project("{2150E333-8FDC-42A3-9474-1A3956D46DE8}") = "Services", "Services", "{DE1E697F-9133-473D-8547-A22DF27283DA}"
EndProject
Project("{9A19103F-16F7-4668-BE54-9A1E7A4F7556}") = "FooCommerce.Membership", "FooCommerce.Membership\FooCommerce.Membership.csproj", "{4FA99C9A-D45B-4BA9-8876-5D56D83C11E6}"
EndProject
Project("{9A19103F-16F7-4668-BE54-9A1E7A4F7556}") = "FooCommerce.Subscriptions", "FooCommerce.Subscriptions\FooCommerce.Subscriptions.csproj", "{1DC252C9-40BD-46B8-9A93-215192B92E72}"
EndProject
Project("{2150E333-8FDC-42A3-9474-1A3956D46DE8}") = "Membership", "Membership", "{56ACC09B-69D3-47B3-BCDD-690EFE880FFC}"
EndProject
Project("{9A19103F-16F7-4668-BE54-9A1E7A4F7556}") = "FooCommerce.Subscriptions.Application", "FooCommerce.Subscriptions.Application\FooCommerce.Subscriptions.Application.csproj", "{4794EB14-19BC-4A14-AD75-EA1893FCB452}"
EndProject
Project("{9A19103F-16F7-4668-BE54-9A1E7A4F7556}") = "FooCommerce.Membership.Application", "FooCommerce.Membership.Application\FooCommerce.Membership.Application.csproj", "{B2CC0862-B7AF-4D53-BAC5-793FE3B8E2C8}"
EndProject
Project("{2150E333-8FDC-42A3-9474-1A3956D46DE8}") = "Subscriptions", "Subscriptions", "{1C368103-2567-4ADC-B778-CACA2E71158E}"
EndProject
Project("{2150E333-8FDC-42A3-9474-1A3956D46DE8}") = "Products", "Products", "{599DA93B-90E6-4114-887E-7D1171ECBE9B}"
EndProject
Project("{9A19103F-16F7-4668-BE54-9A1E7A4F7556}") = "FooCommerce.Products.Application", "FooCommerce.Products.Application\FooCommerce.Products.Application.csproj", "{029E2DB8-46CC-4892-BDFD-CD19ED7C797D}"
EndProject
Project("{9A19103F-16F7-4668-BE54-9A1E7A4F7556}") = "FooCommerce.Ordering.Application", "FooCommerce.Ordering.Application\FooCommerce.Ordering.Application.csproj", "{8FBF1CEA-A12E-49F1-A8C4-BDBE2C750B05}"
EndProject
Project("{9A19103F-16F7-4668-BE54-9A1E7A4F7556}") = "FooCommerce.Products.PurchasableItems.SecondHandItems", "FooCommerce.Products.PurchasableItems.SecondHandItems\FooCommerce.Products.PurchasableItems.SecondHandItems.csproj", "{5FBD3365-667F-4DF0-B0D5-F0EDECCDA674}"
EndProject
Project("{9A19103F-16F7-4668-BE54-9A1E7A4F7556}") = "FooCommerce.Products.RealEstates", "FooCommerce.Products.RealEstates\FooCommerce.Products.RealEstates.csproj", "{6D4CA4C0-E581-4120-8786-31CF9DFDF077}"
EndProject
Project("{9A19103F-16F7-4668-BE54-9A1E7A4F7556}") = "FooCommerce.Products.Vehicles", "FooCommerce.Products.Vehicles\FooCommerce.Products.Vehicles.csproj", "{6A877C29-E1D5-4627-BB2F-C347B307C0FE}"
EndProject
Project("{9A19103F-16F7-4668-BE54-9A1E7A4F7556}") = "FooCommerce.Products.RealEstates.Tests", "FooCommerce.Products.RealEstates.Tests\FooCommerce.Products.RealEstates.Tests.csproj", "{9C926746-BB93-4B66-B3A8-455107718226}"
EndProject
Project("{9A19103F-16F7-4668-BE54-9A1E7A4F7556}") = "FooCommerce.Products.Tests", "FooCommerce.Products.Tests\FooCommerce.Products.Tests.csproj", "{948307AB-FACA-4487-BF11-525EED2BCD6A}"
EndProject
Project("{9A19103F-16F7-4668-BE54-9A1E7A4F7556}") = "FooCommerce.Products.Events", "FooCommerce.Products.Events\FooCommerce.Products.Events.csproj", "{A85AE2A6-AE24-4C75-8201-FCDBCA7C644B}"
EndProject
Project("{9A19103F-16F7-4668-BE54-9A1E7A4F7556}") = "FooCommerce.Products.Pets", "FooCommerce.Products.Pets\FooCommerce.Products.Pets.csproj", "{B0CCADBF-FB67-4961-AEC9-09AB391395A8}"
EndProject
Project("{9A19103F-16F7-4668-BE54-9A1E7A4F7556}") = "FooCommerce.Products.Foods", "FooCommerce.Products.Foods\FooCommerce.Products.Foods.csproj", "{BD19B3D1-E5A7-451B-9D35-961D78DBE7EB}"
EndProject
Project("{2150E333-8FDC-42A3-9474-1A3956D46DE8}") = "RealEstates", "RealEstates", "{9F691FDE-08DC-4CAF-8B11-D8553DE7EDA2}"
EndProject
Project("{2150E333-8FDC-42A3-9474-1A3956D46DE8}") = "DigitalProducts", "DigitalProducts", "{41A4DBDB-BEDB-48FF-93F2-AD57300FB924}"
EndProject
Project("{2150E333-8FDC-42A3-9474-1A3956D46DE8}") = "Pets", "Pets", "{A376007B-CC18-4658-AB22-4205B3429BC4}"
EndProject
Project("{2150E333-8FDC-42A3-9474-1A3956D46DE8}") = "PurchasableItems", "PurchasableItems", "{0E698F28-05AE-4FFF-8E2E-2258263A9A24}"
EndProject
Project("{2150E333-8FDC-42A3-9474-1A3956D46DE8}") = "Events", "Events", "{B2C18A18-7F6A-495F-9AFF-FE02545C0C2A}"
EndProject
Project("{2150E333-8FDC-42A3-9474-1A3956D46DE8}") = "Foods", "Foods", "{52194F50-3B81-4EB4-B9EB-EB36C9B21C26}"
EndProject
Project("{2150E333-8FDC-42A3-9474-1A3956D46DE8}") = "Vehicles", "Vehicles", "{A91AE854-A6BC-4433-BC80-1A58EDDE0CE8}"
EndProject
Project("{2150E333-8FDC-42A3-9474-1A3956D46DE8}") = "Jobs", "Jobs", "{962F10EF-B945-4B19-8DDA-E662F6977119}"
EndProject
Project("{9A19103F-16F7-4668-BE54-9A1E7A4F7556}") = "FooCommerce.Products.Jobs", "FooCommerce.Products.Jobs\FooCommerce.Products.Jobs.csproj", "{F710D923-E19B-4302-96AA-47EB75B93C83}"
EndProject
Project("{2150E333-8FDC-42A3-9474-1A3956D46DE8}") = "Shoppings", "Shoppings", "{C4F5CBC4-874B-48A8-B701-8D3D358F577D}"
EndProject
Project("{9A19103F-16F7-4668-BE54-9A1E7A4F7556}") = "FooCommerce.Products.Domain", "FooCommerce.Products.Domain\FooCommerce.Products.Domain.csproj", "{2E668375-324F-4C90-8FC9-CA3CC847B756}"
EndProject
Project("{2150E333-8FDC-42A3-9474-1A3956D46DE8}") = "Core", "Core", "{A6919556-311B-49B6-90D2-AF1352DD2688}"
EndProject
Project("{FAE04EC0-301F-11D3-BF4B-00C04F79EFBC}") = "FooCommerce.Products.Vehicles.Tests", "FooCommerce.Products.Vehicles.Tests\FooCommerce.Products.Vehicles.Tests.csproj", "{4B4D30F9-213C-49B4-BAE0-E96841DD52B1}"
EndProject
Global
	GlobalSection(SolutionConfigurationPlatforms) = preSolution
		Debug|Any CPU = Debug|Any CPU
		Release|Any CPU = Release|Any CPU
	EndGlobalSection
	GlobalSection(ProjectConfigurationPlatforms) = postSolution
		{EE655A6B-8BCF-4708-AB91-F596D7D4C34E}.Debug|Any CPU.ActiveCfg = Debug|Any CPU
		{EE655A6B-8BCF-4708-AB91-F596D7D4C34E}.Debug|Any CPU.Build.0 = Debug|Any CPU
		{EE655A6B-8BCF-4708-AB91-F596D7D4C34E}.Release|Any CPU.ActiveCfg = Release|Any CPU
		{EE655A6B-8BCF-4708-AB91-F596D7D4C34E}.Release|Any CPU.Build.0 = Release|Any CPU
		{C1AD93BD-1A8B-4C83-AC22-CC5981316BDC}.Debug|Any CPU.ActiveCfg = Debug|Any CPU
		{C1AD93BD-1A8B-4C83-AC22-CC5981316BDC}.Debug|Any CPU.Build.0 = Debug|Any CPU
		{C1AD93BD-1A8B-4C83-AC22-CC5981316BDC}.Release|Any CPU.ActiveCfg = Release|Any CPU
		{C1AD93BD-1A8B-4C83-AC22-CC5981316BDC}.Release|Any CPU.Build.0 = Release|Any CPU
		{87AF1498-6A8D-4549-9C8F-0A94C3AB69EE}.Debug|Any CPU.ActiveCfg = Debug|Any CPU
		{87AF1498-6A8D-4549-9C8F-0A94C3AB69EE}.Debug|Any CPU.Build.0 = Debug|Any CPU
		{87AF1498-6A8D-4549-9C8F-0A94C3AB69EE}.Release|Any CPU.ActiveCfg = Release|Any CPU
		{87AF1498-6A8D-4549-9C8F-0A94C3AB69EE}.Release|Any CPU.Build.0 = Release|Any CPU
		{FD09E8FC-D2D4-41D8-B4CB-3586C37EE290}.Debug|Any CPU.ActiveCfg = Debug|Any CPU
		{FD09E8FC-D2D4-41D8-B4CB-3586C37EE290}.Debug|Any CPU.Build.0 = Debug|Any CPU
		{FD09E8FC-D2D4-41D8-B4CB-3586C37EE290}.Release|Any CPU.ActiveCfg = Release|Any CPU
		{FD09E8FC-D2D4-41D8-B4CB-3586C37EE290}.Release|Any CPU.Build.0 = Release|Any CPU
		{C66BF58E-319D-460A-8FCE-3E8CFAE75419}.Debug|Any CPU.ActiveCfg = Debug|Any CPU
		{C66BF58E-319D-460A-8FCE-3E8CFAE75419}.Debug|Any CPU.Build.0 = Debug|Any CPU
		{C66BF58E-319D-460A-8FCE-3E8CFAE75419}.Release|Any CPU.ActiveCfg = Release|Any CPU
		{C66BF58E-319D-460A-8FCE-3E8CFAE75419}.Release|Any CPU.Build.0 = Release|Any CPU
		{AB790E53-6847-4BC6-A878-B0C445981725}.Debug|Any CPU.ActiveCfg = Debug|Any CPU
		{AB790E53-6847-4BC6-A878-B0C445981725}.Debug|Any CPU.Build.0 = Debug|Any CPU
		{AB790E53-6847-4BC6-A878-B0C445981725}.Release|Any CPU.ActiveCfg = Release|Any CPU
		{AB790E53-6847-4BC6-A878-B0C445981725}.Release|Any CPU.Build.0 = Release|Any CPU
		{DBA6D91B-0283-4F63-B8C4-43A41D6E5969}.Debug|Any CPU.ActiveCfg = Debug|Any CPU
		{DBA6D91B-0283-4F63-B8C4-43A41D6E5969}.Debug|Any CPU.Build.0 = Debug|Any CPU
		{DBA6D91B-0283-4F63-B8C4-43A41D6E5969}.Release|Any CPU.ActiveCfg = Release|Any CPU
		{DBA6D91B-0283-4F63-B8C4-43A41D6E5969}.Release|Any CPU.Build.0 = Release|Any CPU
		{4FA99C9A-D45B-4BA9-8876-5D56D83C11E6}.Debug|Any CPU.ActiveCfg = Debug|Any CPU
		{4FA99C9A-D45B-4BA9-8876-5D56D83C11E6}.Debug|Any CPU.Build.0 = Debug|Any CPU
		{4FA99C9A-D45B-4BA9-8876-5D56D83C11E6}.Release|Any CPU.ActiveCfg = Release|Any CPU
		{4FA99C9A-D45B-4BA9-8876-5D56D83C11E6}.Release|Any CPU.Build.0 = Release|Any CPU
		{1DC252C9-40BD-46B8-9A93-215192B92E72}.Debug|Any CPU.ActiveCfg = Debug|Any CPU
		{1DC252C9-40BD-46B8-9A93-215192B92E72}.Debug|Any CPU.Build.0 = Debug|Any CPU
		{1DC252C9-40BD-46B8-9A93-215192B92E72}.Release|Any CPU.ActiveCfg = Release|Any CPU
		{1DC252C9-40BD-46B8-9A93-215192B92E72}.Release|Any CPU.Build.0 = Release|Any CPU
		{4794EB14-19BC-4A14-AD75-EA1893FCB452}.Debug|Any CPU.ActiveCfg = Debug|Any CPU
		{4794EB14-19BC-4A14-AD75-EA1893FCB452}.Debug|Any CPU.Build.0 = Debug|Any CPU
		{4794EB14-19BC-4A14-AD75-EA1893FCB452}.Release|Any CPU.ActiveCfg = Release|Any CPU
		{4794EB14-19BC-4A14-AD75-EA1893FCB452}.Release|Any CPU.Build.0 = Release|Any CPU
		{B2CC0862-B7AF-4D53-BAC5-793FE3B8E2C8}.Debug|Any CPU.ActiveCfg = Debug|Any CPU
		{B2CC0862-B7AF-4D53-BAC5-793FE3B8E2C8}.Debug|Any CPU.Build.0 = Debug|Any CPU
		{B2CC0862-B7AF-4D53-BAC5-793FE3B8E2C8}.Release|Any CPU.ActiveCfg = Release|Any CPU
		{B2CC0862-B7AF-4D53-BAC5-793FE3B8E2C8}.Release|Any CPU.Build.0 = Release|Any CPU
		{029E2DB8-46CC-4892-BDFD-CD19ED7C797D}.Debug|Any CPU.ActiveCfg = Debug|Any CPU
		{029E2DB8-46CC-4892-BDFD-CD19ED7C797D}.Debug|Any CPU.Build.0 = Debug|Any CPU
		{029E2DB8-46CC-4892-BDFD-CD19ED7C797D}.Release|Any CPU.ActiveCfg = Release|Any CPU
		{029E2DB8-46CC-4892-BDFD-CD19ED7C797D}.Release|Any CPU.Build.0 = Release|Any CPU
		{8FBF1CEA-A12E-49F1-A8C4-BDBE2C750B05}.Debug|Any CPU.ActiveCfg = Debug|Any CPU
		{8FBF1CEA-A12E-49F1-A8C4-BDBE2C750B05}.Debug|Any CPU.Build.0 = Debug|Any CPU
		{8FBF1CEA-A12E-49F1-A8C4-BDBE2C750B05}.Release|Any CPU.ActiveCfg = Release|Any CPU
		{8FBF1CEA-A12E-49F1-A8C4-BDBE2C750B05}.Release|Any CPU.Build.0 = Release|Any CPU
		{5FBD3365-667F-4DF0-B0D5-F0EDECCDA674}.Debug|Any CPU.ActiveCfg = Debug|Any CPU
		{5FBD3365-667F-4DF0-B0D5-F0EDECCDA674}.Debug|Any CPU.Build.0 = Debug|Any CPU
		{5FBD3365-667F-4DF0-B0D5-F0EDECCDA674}.Release|Any CPU.ActiveCfg = Release|Any CPU
		{5FBD3365-667F-4DF0-B0D5-F0EDECCDA674}.Release|Any CPU.Build.0 = Release|Any CPU
		{6D4CA4C0-E581-4120-8786-31CF9DFDF077}.Debug|Any CPU.ActiveCfg = Debug|Any CPU
		{6D4CA4C0-E581-4120-8786-31CF9DFDF077}.Debug|Any CPU.Build.0 = Debug|Any CPU
		{6D4CA4C0-E581-4120-8786-31CF9DFDF077}.Release|Any CPU.ActiveCfg = Release|Any CPU
		{6D4CA4C0-E581-4120-8786-31CF9DFDF077}.Release|Any CPU.Build.0 = Release|Any CPU
		{6A877C29-E1D5-4627-BB2F-C347B307C0FE}.Debug|Any CPU.ActiveCfg = Debug|Any CPU
		{6A877C29-E1D5-4627-BB2F-C347B307C0FE}.Debug|Any CPU.Build.0 = Debug|Any CPU
		{6A877C29-E1D5-4627-BB2F-C347B307C0FE}.Release|Any CPU.ActiveCfg = Release|Any CPU
		{6A877C29-E1D5-4627-BB2F-C347B307C0FE}.Release|Any CPU.Build.0 = Release|Any CPU
		{9C926746-BB93-4B66-B3A8-455107718226}.Debug|Any CPU.ActiveCfg = Debug|Any CPU
		{9C926746-BB93-4B66-B3A8-455107718226}.Debug|Any CPU.Build.0 = Debug|Any CPU
		{9C926746-BB93-4B66-B3A8-455107718226}.Release|Any CPU.ActiveCfg = Release|Any CPU
		{9C926746-BB93-4B66-B3A8-455107718226}.Release|Any CPU.Build.0 = Release|Any CPU
		{948307AB-FACA-4487-BF11-525EED2BCD6A}.Debug|Any CPU.ActiveCfg = Debug|Any CPU
		{948307AB-FACA-4487-BF11-525EED2BCD6A}.Debug|Any CPU.Build.0 = Debug|Any CPU
		{948307AB-FACA-4487-BF11-525EED2BCD6A}.Release|Any CPU.ActiveCfg = Release|Any CPU
		{948307AB-FACA-4487-BF11-525EED2BCD6A}.Release|Any CPU.Build.0 = Release|Any CPU
		{A85AE2A6-AE24-4C75-8201-FCDBCA7C644B}.Debug|Any CPU.ActiveCfg = Debug|Any CPU
		{A85AE2A6-AE24-4C75-8201-FCDBCA7C644B}.Debug|Any CPU.Build.0 = Debug|Any CPU
		{A85AE2A6-AE24-4C75-8201-FCDBCA7C644B}.Release|Any CPU.ActiveCfg = Release|Any CPU
		{A85AE2A6-AE24-4C75-8201-FCDBCA7C644B}.Release|Any CPU.Build.0 = Release|Any CPU
		{B0CCADBF-FB67-4961-AEC9-09AB391395A8}.Debug|Any CPU.ActiveCfg = Debug|Any CPU
		{B0CCADBF-FB67-4961-AEC9-09AB391395A8}.Debug|Any CPU.Build.0 = Debug|Any CPU
		{B0CCADBF-FB67-4961-AEC9-09AB391395A8}.Release|Any CPU.ActiveCfg = Release|Any CPU
		{B0CCADBF-FB67-4961-AEC9-09AB391395A8}.Release|Any CPU.Build.0 = Release|Any CPU
		{BD19B3D1-E5A7-451B-9D35-961D78DBE7EB}.Debug|Any CPU.ActiveCfg = Debug|Any CPU
		{BD19B3D1-E5A7-451B-9D35-961D78DBE7EB}.Debug|Any CPU.Build.0 = Debug|Any CPU
		{BD19B3D1-E5A7-451B-9D35-961D78DBE7EB}.Release|Any CPU.ActiveCfg = Release|Any CPU
		{BD19B3D1-E5A7-451B-9D35-961D78DBE7EB}.Release|Any CPU.Build.0 = Release|Any CPU
		{F710D923-E19B-4302-96AA-47EB75B93C83}.Debug|Any CPU.ActiveCfg = Debug|Any CPU
		{F710D923-E19B-4302-96AA-47EB75B93C83}.Debug|Any CPU.Build.0 = Debug|Any CPU
		{F710D923-E19B-4302-96AA-47EB75B93C83}.Release|Any CPU.ActiveCfg = Release|Any CPU
		{F710D923-E19B-4302-96AA-47EB75B93C83}.Release|Any CPU.Build.0 = Release|Any CPU
		{2E668375-324F-4C90-8FC9-CA3CC847B756}.Debug|Any CPU.ActiveCfg = Debug|Any CPU
		{2E668375-324F-4C90-8FC9-CA3CC847B756}.Debug|Any CPU.Build.0 = Debug|Any CPU
		{2E668375-324F-4C90-8FC9-CA3CC847B756}.Release|Any CPU.ActiveCfg = Release|Any CPU
		{2E668375-324F-4C90-8FC9-CA3CC847B756}.Release|Any CPU.Build.0 = Release|Any CPU
		{4B4D30F9-213C-49B4-BAE0-E96841DD52B1}.Debug|Any CPU.ActiveCfg = Debug|Any CPU
		{4B4D30F9-213C-49B4-BAE0-E96841DD52B1}.Debug|Any CPU.Build.0 = Debug|Any CPU
		{4B4D30F9-213C-49B4-BAE0-E96841DD52B1}.Release|Any CPU.ActiveCfg = Release|Any CPU
		{4B4D30F9-213C-49B4-BAE0-E96841DD52B1}.Release|Any CPU.Build.0 = Release|Any CPU
	EndGlobalSection
	GlobalSection(SolutionProperties) = preSolution
		HideSolutionNode = FALSE
	EndGlobalSection
	GlobalSection(NestedProjects) = preSolution
		{EE655A6B-8BCF-4708-AB91-F596D7D4C34E} = {39909B93-4087-4853-95F7-D5430DAB3241}
		{C1AD93BD-1A8B-4C83-AC22-CC5981316BDC} = {3DD15003-83CE-4BEB-9889-B5531F0EF56F}
		{87AF1498-6A8D-4549-9C8F-0A94C3AB69EE} = {C4F5CBC4-874B-48A8-B701-8D3D358F577D}
		{FD09E8FC-D2D4-41D8-B4CB-3586C37EE290} = {A6919556-311B-49B6-90D2-AF1352DD2688}
		{C66BF58E-319D-460A-8FCE-3E8CFAE75419} = {599DA93B-90E6-4114-887E-7D1171ECBE9B}
		{AB790E53-6847-4BC6-A878-B0C445981725} = {0E698F28-05AE-4FFF-8E2E-2258263A9A24}
		{DBA6D91B-0283-4F63-B8C4-43A41D6E5969} = {41A4DBDB-BEDB-48FF-93F2-AD57300FB924}
		{1F15DC35-A5DF-40B5-837E-B71F4EA2821E} = {599DA93B-90E6-4114-887E-7D1171ECBE9B}
		{4FA99C9A-D45B-4BA9-8876-5D56D83C11E6} = {56ACC09B-69D3-47B3-BCDD-690EFE880FFC}
		{1DC252C9-40BD-46B8-9A93-215192B92E72} = {1C368103-2567-4ADC-B778-CACA2E71158E}
		{56ACC09B-69D3-47B3-BCDD-690EFE880FFC} = {DE1E697F-9133-473D-8547-A22DF27283DA}
		{4794EB14-19BC-4A14-AD75-EA1893FCB452} = {1C368103-2567-4ADC-B778-CACA2E71158E}
		{B2CC0862-B7AF-4D53-BAC5-793FE3B8E2C8} = {56ACC09B-69D3-47B3-BCDD-690EFE880FFC}
		{1C368103-2567-4ADC-B778-CACA2E71158E} = {DE1E697F-9133-473D-8547-A22DF27283DA}
		{599DA93B-90E6-4114-887E-7D1171ECBE9B} = {DE1E697F-9133-473D-8547-A22DF27283DA}
		{029E2DB8-46CC-4892-BDFD-CD19ED7C797D} = {599DA93B-90E6-4114-887E-7D1171ECBE9B}
		{8FBF1CEA-A12E-49F1-A8C4-BDBE2C750B05} = {C4F5CBC4-874B-48A8-B701-8D3D358F577D}
		{5FBD3365-667F-4DF0-B0D5-F0EDECCDA674} = {0E698F28-05AE-4FFF-8E2E-2258263A9A24}
		{6D4CA4C0-E581-4120-8786-31CF9DFDF077} = {9F691FDE-08DC-4CAF-8B11-D8553DE7EDA2}
		{6A877C29-E1D5-4627-BB2F-C347B307C0FE} = {A91AE854-A6BC-4433-BC80-1A58EDDE0CE8}
		{9C926746-BB93-4B66-B3A8-455107718226} = {9F691FDE-08DC-4CAF-8B11-D8553DE7EDA2}
		{948307AB-FACA-4487-BF11-525EED2BCD6A} = {599DA93B-90E6-4114-887E-7D1171ECBE9B}
		{A85AE2A6-AE24-4C75-8201-FCDBCA7C644B} = {B2C18A18-7F6A-495F-9AFF-FE02545C0C2A}
		{B0CCADBF-FB67-4961-AEC9-09AB391395A8} = {A376007B-CC18-4658-AB22-4205B3429BC4}
		{BD19B3D1-E5A7-451B-9D35-961D78DBE7EB} = {52194F50-3B81-4EB4-B9EB-EB36C9B21C26}
		{9F691FDE-08DC-4CAF-8B11-D8553DE7EDA2} = {1F15DC35-A5DF-40B5-837E-B71F4EA2821E}
		{41A4DBDB-BEDB-48FF-93F2-AD57300FB924} = {1F15DC35-A5DF-40B5-837E-B71F4EA2821E}
		{A376007B-CC18-4658-AB22-4205B3429BC4} = {1F15DC35-A5DF-40B5-837E-B71F4EA2821E}
		{0E698F28-05AE-4FFF-8E2E-2258263A9A24} = {1F15DC35-A5DF-40B5-837E-B71F4EA2821E}
		{B2C18A18-7F6A-495F-9AFF-FE02545C0C2A} = {1F15DC35-A5DF-40B5-837E-B71F4EA2821E}
		{52194F50-3B81-4EB4-B9EB-EB36C9B21C26} = {1F15DC35-A5DF-40B5-837E-B71F4EA2821E}
		{A91AE854-A6BC-4433-BC80-1A58EDDE0CE8} = {1F15DC35-A5DF-40B5-837E-B71F4EA2821E}
		{962F10EF-B945-4B19-8DDA-E662F6977119} = {1F15DC35-A5DF-40B5-837E-B71F4EA2821E}
		{F710D923-E19B-4302-96AA-47EB75B93C83} = {962F10EF-B945-4B19-8DDA-E662F6977119}
		{C4F5CBC4-874B-48A8-B701-8D3D358F577D} = {DE1E697F-9133-473D-8547-A22DF27283DA}
		{2E668375-324F-4C90-8FC9-CA3CC847B756} = {599DA93B-90E6-4114-887E-7D1171ECBE9B}
		{4B4D30F9-213C-49B4-BAE0-E96841DD52B1} = {A91AE854-A6BC-4433-BC80-1A58EDDE0CE8}
	EndGlobalSection
	GlobalSection(ExtensibilityGlobals) = postSolution
		SolutionGuid = {9A554E03-2FFD-4B69-9403-8056E86381DB}
	EndGlobalSection
EndGlobal
