
Microsoft Visual Studio Solution File, Format Version 12.00
# Visual Studio Version 17
VisualStudioVersion = 17.2.32630.192
MinimumVisualStudioVersion = 10.0.40219.1
Project("{9A19103F-16F7-4668-BE54-9A1E7A4F7556}") = "FooCommerce.Web", "client\FooCommerce.Web\FooCommerce.Web.csproj", "{EE655A6B-8BCF-4708-AB91-F596D7D4C34E}"
EndProject
Project("{9A19103F-16F7-4668-BE54-9A1E7A4F7556}") = "FooCommerce.Infrastructure", "client\FooCommerce.Infrastructure\FooCommerce.Infrastructure.csproj", "{C1AD93BD-1A8B-4C83-AC22-CC5981316BDC}"
EndProject
Project("{9A19103F-16F7-4668-BE54-9A1E7A4F7556}") = "FooCommerce.Domain", "core\FooCommerce.Domain\FooCommerce.Domain.csproj", "{FD09E8FC-D2D4-41D8-B4CB-3586C37EE290}"
EndProject
Project("{9A19103F-16F7-4668-BE54-9A1E7A4F7556}") = "FooCommerce.Infrastructure.Tests", "client\FooCommerce.Infrastructure.Tests\FooCommerce.Infrastructure.Tests.csproj", "{227D1F82-134B-4249-B5E4-3E86FF7975CB}"
EndProject
Project("{9A19103F-16F7-4668-BE54-9A1E7A4F7556}") = "FooCommerce.NotificationService.Tests", "services\FooCommerce.Services.NotificationAPI.Tests\FooCommerce.NotificationService.Tests.csproj", "{D999BA5B-2A9B-4C44-969B-11F0F2AAEA9A}"
EndProject
Project("{9A19103F-16F7-4668-BE54-9A1E7A4F7556}") = "FooCommerce.Tests", "core\FooCommerce.Tests\FooCommerce.Tests.csproj", "{6049B6BB-00AB-4E4D-BD70-349135563B0C}"
EndProject
Project("{9A19103F-16F7-4668-BE54-9A1E7A4F7556}") = "FooCommerce.NotificationService", "services\FooCommerce.Services.NotificationAPI\FooCommerce.NotificationService.csproj", "{720AA534-DA92-4DEE-AABB-D218C7C8D19F}"
EndProject
Project("{2150E333-8FDC-42A3-9474-1A3956D46DE8}") = "Tests", "Tests", "{DF3A7B9F-0E81-42AF-9B89-888DB91D653F}"
EndProject
Project("{9A19103F-16F7-4668-BE54-9A1E7A4F7556}") = "FooCommerce.TokenService.Tests", "services\FooCommerce.Services.TokenAPI.Tests\FooCommerce.TokenService.Tests.csproj", "{5B3B647E-C089-4280-AF08-63CEEB5FB727}"
EndProject
Project("{E53339B2-1760-4266-BCC7-CA923CBCF16C}") = "docker-compose", "docker-compose.dcproj", "{F97C359C-3DC9-41D3-AAA3-8390279142D8}"
EndProject
Project("{2150E333-8FDC-42A3-9474-1A3956D46DE8}") = "Solution Items", "Solution Items", "{BC6F9425-29D1-4FE6-AA5D-30DC4971A593}"
	ProjectSection(SolutionItems) = preProject
		.runsettings = .runsettings
		sqlserver\Dockerfile = sqlserver\Dockerfile
	EndProjectSection
EndProject
Project("{9A19103F-16F7-4668-BE54-9A1E7A4F7556}") = "FooCommerce.Common", "core\FooCommerce.Common\FooCommerce.Common.csproj", "{B28B5DEE-68A6-4699-B980-031C1C9D192D}"
EndProject
Project("{9A19103F-16F7-4668-BE54-9A1E7A4F7556}") = "FooCommerce.Localization", "core\FooCommerce.Localization\FooCommerce.Localization.csproj", "{88FBE359-49A8-4715-A917-E91B0B636636}"
EndProject
Project("{9A19103F-16F7-4668-BE54-9A1E7A4F7556}") = "FooCommerce.Infrastructure.Configurations", "client\FooCommerce.Infrastructure.Configurations\FooCommerce.Infrastructure.Configurations.csproj", "{6FAAB831-0E8D-40DB-B75D-22804FC4667D}"
EndProject
Project("{9A19103F-16F7-4668-BE54-9A1E7A4F7556}") = "FooCommerce.Caching", "core\FooCommerce.Caching\FooCommerce.Caching.csproj", "{A7DD585D-E633-432B-9717-CD00B73160F4}"
EndProject
Project("{2150E333-8FDC-42A3-9474-1A3956D46DE8}") = "services", "services", "{4E5253D1-6704-4459-B37B-B4A0C1C52654}"
EndProject
Project("{2150E333-8FDC-42A3-9474-1A3956D46DE8}") = "client", "client", "{B3CD9430-1122-41F8-9AFC-737818DCD615}"
EndProject
Project("{9A19103F-16F7-4668-BE54-9A1E7A4F7556}") = "FooCommerce.EventSource", "core\FooCommerce.EventSource\FooCommerce.EventSource.csproj", "{BAB819AA-A6EC-46D9-9C28-5802A17DA2E5}"
EndProject
Project("{9A19103F-16F7-4668-BE54-9A1E7A4F7556}") = "FooCommerce.TokenService", "services\FooCommerce.Services.TokenAPI\FooCommerce.TokenService.csproj", "{3C79790A-F08E-4E15-BF69-A8092AED24A5}"
EndProject
Project("{2150E333-8FDC-42A3-9474-1A3956D46DE8}") = "Tests", "Tests", "{51308A4C-E3CF-486D-BCC1-E66C2EA4EDAF}"
EndProject
Project("{2150E333-8FDC-42A3-9474-1A3956D46DE8}") = "core", "core", "{EF0E8180-90F9-4516-BF30-DDB147F3042E}"
EndProject
Project("{9A19103F-16F7-4668-BE54-9A1E7A4F7556}") = "FooCommerce.MembershipService", "services\FooCommerce.Services.MembershipAPI\FooCommerce.MembershipService.csproj", "{812A5200-A60D-4F08-A3E7-5FC1B8EA7B37}"
EndProject
Project("{9A19103F-16F7-4668-BE54-9A1E7A4F7556}") = "FooCommerce.BasketService", "services\FooCommerce.Services.BasketAPI\FooCommerce.BasketService.csproj", "{9EC8766E-D392-40F4-AA0B-7078209CD8C8}"
EndProject
Project("{9A19103F-16F7-4668-BE54-9A1E7A4F7556}") = "FooCommerce.PaymentService", "services\FooCommerce.Services.PaymentAPI\FooCommerce.PaymentService.csproj", "{B069CBF4-3926-41D6-B27D-344077C5138B}"
EndProject
Project("{9A19103F-16F7-4668-BE54-9A1E7A4F7556}") = "FooCommerce.CatalogService", "services\FooCommerce.Services.ProductAPI\FooCommerce.CatalogService.csproj", "{BB23F508-8631-473E-ADC2-95CE73CEC611}"
EndProject
Project("{9A19103F-16F7-4668-BE54-9A1E7A4F7556}") = "FooCommerce.SubscriptionService", "services\FooCommerce.Services.SubscriptionAPI\FooCommerce.SubscriptionService.csproj", "{C5002E14-B63E-4460-94A7-DB20305F32C3}"
EndProject
Project("{9A19103F-16F7-4668-BE54-9A1E7A4F7556}") = "FooCommerce.VendorService", "services\FooCommerce.Services.VendorAPI\FooCommerce.VendorService.csproj", "{619C99FE-AB34-4D23-B788-E1810F7BE4D5}"
EndProject
Project("{FAE04EC0-301F-11D3-BF4B-00C04F79EFBC}") = "FooCommerce.WebApi", "client\FooCommerce.WebApi\FooCommerce.WebApi.csproj", "{112948E9-673A-4A58-9A0B-1A8E596CCB6B}"
EndProject
Project("{FAE04EC0-301F-11D3-BF4B-00C04F79EFBC}") = "FooCommerce.EntityFrameworkCore.Extensions", "core\FooCommerce.EntityFrameworkCore.Extensions\FooCommerce.EntityFrameworkCore.Extensions.csproj", "{FE018784-B29E-47DA-91E9-5BA0FBADC104}"
EndProject
Global
	GlobalSection(SolutionConfigurationPlatforms) = preSolution
		Debug|Any CPU = Debug|Any CPU
		Release|Any CPU = Release|Any CPU
	EndGlobalSection
	GlobalSection(ProjectConfigurationPlatforms) = postSolution
		{EE655A6B-8BCF-4708-AB91-F596D7D4C34E}.Debug|Any CPU.ActiveCfg = Debug|Any CPU
		{EE655A6B-8BCF-4708-AB91-F596D7D4C34E}.Debug|Any CPU.Build.0 = Debug|Any CPU
		{EE655A6B-8BCF-4708-AB91-F596D7D4C34E}.Release|Any CPU.ActiveCfg = Release|Any CPU
		{EE655A6B-8BCF-4708-AB91-F596D7D4C34E}.Release|Any CPU.Build.0 = Release|Any CPU
		{C1AD93BD-1A8B-4C83-AC22-CC5981316BDC}.Debug|Any CPU.ActiveCfg = Debug|Any CPU
		{C1AD93BD-1A8B-4C83-AC22-CC5981316BDC}.Debug|Any CPU.Build.0 = Debug|Any CPU
		{C1AD93BD-1A8B-4C83-AC22-CC5981316BDC}.Release|Any CPU.ActiveCfg = Release|Any CPU
		{C1AD93BD-1A8B-4C83-AC22-CC5981316BDC}.Release|Any CPU.Build.0 = Release|Any CPU
		{FD09E8FC-D2D4-41D8-B4CB-3586C37EE290}.Debug|Any CPU.ActiveCfg = Debug|Any CPU
		{FD09E8FC-D2D4-41D8-B4CB-3586C37EE290}.Debug|Any CPU.Build.0 = Debug|Any CPU
		{FD09E8FC-D2D4-41D8-B4CB-3586C37EE290}.Release|Any CPU.ActiveCfg = Release|Any CPU
		{FD09E8FC-D2D4-41D8-B4CB-3586C37EE290}.Release|Any CPU.Build.0 = Release|Any CPU
		{227D1F82-134B-4249-B5E4-3E86FF7975CB}.Debug|Any CPU.ActiveCfg = Debug|Any CPU
		{227D1F82-134B-4249-B5E4-3E86FF7975CB}.Debug|Any CPU.Build.0 = Debug|Any CPU
		{227D1F82-134B-4249-B5E4-3E86FF7975CB}.Release|Any CPU.ActiveCfg = Release|Any CPU
		{227D1F82-134B-4249-B5E4-3E86FF7975CB}.Release|Any CPU.Build.0 = Release|Any CPU
		{D999BA5B-2A9B-4C44-969B-11F0F2AAEA9A}.Debug|Any CPU.ActiveCfg = Debug|Any CPU
		{D999BA5B-2A9B-4C44-969B-11F0F2AAEA9A}.Debug|Any CPU.Build.0 = Debug|Any CPU
		{D999BA5B-2A9B-4C44-969B-11F0F2AAEA9A}.Release|Any CPU.ActiveCfg = Release|Any CPU
		{D999BA5B-2A9B-4C44-969B-11F0F2AAEA9A}.Release|Any CPU.Build.0 = Release|Any CPU
		{6049B6BB-00AB-4E4D-BD70-349135563B0C}.Debug|Any CPU.ActiveCfg = Debug|Any CPU
		{6049B6BB-00AB-4E4D-BD70-349135563B0C}.Debug|Any CPU.Build.0 = Debug|Any CPU
		{6049B6BB-00AB-4E4D-BD70-349135563B0C}.Release|Any CPU.ActiveCfg = Release|Any CPU
		{6049B6BB-00AB-4E4D-BD70-349135563B0C}.Release|Any CPU.Build.0 = Release|Any CPU
		{720AA534-DA92-4DEE-AABB-D218C7C8D19F}.Debug|Any CPU.ActiveCfg = Debug|Any CPU
		{720AA534-DA92-4DEE-AABB-D218C7C8D19F}.Debug|Any CPU.Build.0 = Debug|Any CPU
		{720AA534-DA92-4DEE-AABB-D218C7C8D19F}.Release|Any CPU.ActiveCfg = Release|Any CPU
		{720AA534-DA92-4DEE-AABB-D218C7C8D19F}.Release|Any CPU.Build.0 = Release|Any CPU
		{5B3B647E-C089-4280-AF08-63CEEB5FB727}.Debug|Any CPU.ActiveCfg = Debug|Any CPU
		{5B3B647E-C089-4280-AF08-63CEEB5FB727}.Debug|Any CPU.Build.0 = Debug|Any CPU
		{5B3B647E-C089-4280-AF08-63CEEB5FB727}.Release|Any CPU.ActiveCfg = Release|Any CPU
		{5B3B647E-C089-4280-AF08-63CEEB5FB727}.Release|Any CPU.Build.0 = Release|Any CPU
		{F97C359C-3DC9-41D3-AAA3-8390279142D8}.Debug|Any CPU.ActiveCfg = Debug|Any CPU
		{F97C359C-3DC9-41D3-AAA3-8390279142D8}.Debug|Any CPU.Build.0 = Debug|Any CPU
		{F97C359C-3DC9-41D3-AAA3-8390279142D8}.Release|Any CPU.ActiveCfg = Release|Any CPU
		{F97C359C-3DC9-41D3-AAA3-8390279142D8}.Release|Any CPU.Build.0 = Release|Any CPU
		{B28B5DEE-68A6-4699-B980-031C1C9D192D}.Debug|Any CPU.ActiveCfg = Debug|Any CPU
		{B28B5DEE-68A6-4699-B980-031C1C9D192D}.Debug|Any CPU.Build.0 = Debug|Any CPU
		{B28B5DEE-68A6-4699-B980-031C1C9D192D}.Release|Any CPU.ActiveCfg = Release|Any CPU
		{B28B5DEE-68A6-4699-B980-031C1C9D192D}.Release|Any CPU.Build.0 = Release|Any CPU
		{88FBE359-49A8-4715-A917-E91B0B636636}.Debug|Any CPU.ActiveCfg = Debug|Any CPU
		{88FBE359-49A8-4715-A917-E91B0B636636}.Debug|Any CPU.Build.0 = Debug|Any CPU
		{88FBE359-49A8-4715-A917-E91B0B636636}.Release|Any CPU.ActiveCfg = Release|Any CPU
		{88FBE359-49A8-4715-A917-E91B0B636636}.Release|Any CPU.Build.0 = Release|Any CPU
		{6FAAB831-0E8D-40DB-B75D-22804FC4667D}.Debug|Any CPU.ActiveCfg = Debug|Any CPU
		{6FAAB831-0E8D-40DB-B75D-22804FC4667D}.Debug|Any CPU.Build.0 = Debug|Any CPU
		{6FAAB831-0E8D-40DB-B75D-22804FC4667D}.Release|Any CPU.ActiveCfg = Release|Any CPU
		{6FAAB831-0E8D-40DB-B75D-22804FC4667D}.Release|Any CPU.Build.0 = Release|Any CPU
		{A7DD585D-E633-432B-9717-CD00B73160F4}.Debug|Any CPU.ActiveCfg = Debug|Any CPU
		{A7DD585D-E633-432B-9717-CD00B73160F4}.Debug|Any CPU.Build.0 = Debug|Any CPU
		{A7DD585D-E633-432B-9717-CD00B73160F4}.Release|Any CPU.ActiveCfg = Release|Any CPU
		{A7DD585D-E633-432B-9717-CD00B73160F4}.Release|Any CPU.Build.0 = Release|Any CPU
		{BAB819AA-A6EC-46D9-9C28-5802A17DA2E5}.Debug|Any CPU.ActiveCfg = Debug|Any CPU
		{BAB819AA-A6EC-46D9-9C28-5802A17DA2E5}.Debug|Any CPU.Build.0 = Debug|Any CPU
		{BAB819AA-A6EC-46D9-9C28-5802A17DA2E5}.Release|Any CPU.ActiveCfg = Release|Any CPU
		{BAB819AA-A6EC-46D9-9C28-5802A17DA2E5}.Release|Any CPU.Build.0 = Release|Any CPU
		{3C79790A-F08E-4E15-BF69-A8092AED24A5}.Debug|Any CPU.ActiveCfg = Debug|Any CPU
		{3C79790A-F08E-4E15-BF69-A8092AED24A5}.Debug|Any CPU.Build.0 = Debug|Any CPU
		{3C79790A-F08E-4E15-BF69-A8092AED24A5}.Release|Any CPU.ActiveCfg = Release|Any CPU
		{3C79790A-F08E-4E15-BF69-A8092AED24A5}.Release|Any CPU.Build.0 = Release|Any CPU
		{812A5200-A60D-4F08-A3E7-5FC1B8EA7B37}.Debug|Any CPU.ActiveCfg = Debug|Any CPU
		{812A5200-A60D-4F08-A3E7-5FC1B8EA7B37}.Debug|Any CPU.Build.0 = Debug|Any CPU
		{812A5200-A60D-4F08-A3E7-5FC1B8EA7B37}.Release|Any CPU.ActiveCfg = Release|Any CPU
		{812A5200-A60D-4F08-A3E7-5FC1B8EA7B37}.Release|Any CPU.Build.0 = Release|Any CPU
		{9EC8766E-D392-40F4-AA0B-7078209CD8C8}.Debug|Any CPU.ActiveCfg = Debug|Any CPU
		{9EC8766E-D392-40F4-AA0B-7078209CD8C8}.Debug|Any CPU.Build.0 = Debug|Any CPU
		{9EC8766E-D392-40F4-AA0B-7078209CD8C8}.Release|Any CPU.ActiveCfg = Release|Any CPU
		{9EC8766E-D392-40F4-AA0B-7078209CD8C8}.Release|Any CPU.Build.0 = Release|Any CPU
		{B069CBF4-3926-41D6-B27D-344077C5138B}.Debug|Any CPU.ActiveCfg = Debug|Any CPU
		{B069CBF4-3926-41D6-B27D-344077C5138B}.Debug|Any CPU.Build.0 = Debug|Any CPU
		{B069CBF4-3926-41D6-B27D-344077C5138B}.Release|Any CPU.ActiveCfg = Release|Any CPU
		{B069CBF4-3926-41D6-B27D-344077C5138B}.Release|Any CPU.Build.0 = Release|Any CPU
		{BB23F508-8631-473E-ADC2-95CE73CEC611}.Debug|Any CPU.ActiveCfg = Debug|Any CPU
		{BB23F508-8631-473E-ADC2-95CE73CEC611}.Debug|Any CPU.Build.0 = Debug|Any CPU
		{BB23F508-8631-473E-ADC2-95CE73CEC611}.Release|Any CPU.ActiveCfg = Release|Any CPU
		{BB23F508-8631-473E-ADC2-95CE73CEC611}.Release|Any CPU.Build.0 = Release|Any CPU
		{C5002E14-B63E-4460-94A7-DB20305F32C3}.Debug|Any CPU.ActiveCfg = Debug|Any CPU
		{C5002E14-B63E-4460-94A7-DB20305F32C3}.Debug|Any CPU.Build.0 = Debug|Any CPU
		{C5002E14-B63E-4460-94A7-DB20305F32C3}.Release|Any CPU.ActiveCfg = Release|Any CPU
		{C5002E14-B63E-4460-94A7-DB20305F32C3}.Release|Any CPU.Build.0 = Release|Any CPU
		{619C99FE-AB34-4D23-B788-E1810F7BE4D5}.Debug|Any CPU.ActiveCfg = Debug|Any CPU
		{619C99FE-AB34-4D23-B788-E1810F7BE4D5}.Debug|Any CPU.Build.0 = Debug|Any CPU
		{619C99FE-AB34-4D23-B788-E1810F7BE4D5}.Release|Any CPU.ActiveCfg = Release|Any CPU
		{619C99FE-AB34-4D23-B788-E1810F7BE4D5}.Release|Any CPU.Build.0 = Release|Any CPU
		{112948E9-673A-4A58-9A0B-1A8E596CCB6B}.Debug|Any CPU.ActiveCfg = Debug|Any CPU
		{112948E9-673A-4A58-9A0B-1A8E596CCB6B}.Debug|Any CPU.Build.0 = Debug|Any CPU
		{112948E9-673A-4A58-9A0B-1A8E596CCB6B}.Release|Any CPU.ActiveCfg = Release|Any CPU
		{112948E9-673A-4A58-9A0B-1A8E596CCB6B}.Release|Any CPU.Build.0 = Release|Any CPU
		{FE018784-B29E-47DA-91E9-5BA0FBADC104}.Debug|Any CPU.ActiveCfg = Debug|Any CPU
		{FE018784-B29E-47DA-91E9-5BA0FBADC104}.Debug|Any CPU.Build.0 = Debug|Any CPU
		{FE018784-B29E-47DA-91E9-5BA0FBADC104}.Release|Any CPU.ActiveCfg = Release|Any CPU
		{FE018784-B29E-47DA-91E9-5BA0FBADC104}.Release|Any CPU.Build.0 = Release|Any CPU
	EndGlobalSection
	GlobalSection(SolutionProperties) = preSolution
		HideSolutionNode = FALSE
	EndGlobalSection
	GlobalSection(NestedProjects) = preSolution
		{EE655A6B-8BCF-4708-AB91-F596D7D4C34E} = {B3CD9430-1122-41F8-9AFC-737818DCD615}
		{C1AD93BD-1A8B-4C83-AC22-CC5981316BDC} = {B3CD9430-1122-41F8-9AFC-737818DCD615}
		{FD09E8FC-D2D4-41D8-B4CB-3586C37EE290} = {EF0E8180-90F9-4516-BF30-DDB147F3042E}
		{227D1F82-134B-4249-B5E4-3E86FF7975CB} = {DF3A7B9F-0E81-42AF-9B89-888DB91D653F}
		{D999BA5B-2A9B-4C44-969B-11F0F2AAEA9A} = {51308A4C-E3CF-486D-BCC1-E66C2EA4EDAF}
		{6049B6BB-00AB-4E4D-BD70-349135563B0C} = {EF0E8180-90F9-4516-BF30-DDB147F3042E}
		{720AA534-DA92-4DEE-AABB-D218C7C8D19F} = {4E5253D1-6704-4459-B37B-B4A0C1C52654}
		{DF3A7B9F-0E81-42AF-9B89-888DB91D653F} = {B3CD9430-1122-41F8-9AFC-737818DCD615}
		{5B3B647E-C089-4280-AF08-63CEEB5FB727} = {51308A4C-E3CF-486D-BCC1-E66C2EA4EDAF}
		{B28B5DEE-68A6-4699-B980-031C1C9D192D} = {EF0E8180-90F9-4516-BF30-DDB147F3042E}
		{88FBE359-49A8-4715-A917-E91B0B636636} = {EF0E8180-90F9-4516-BF30-DDB147F3042E}
		{6FAAB831-0E8D-40DB-B75D-22804FC4667D} = {B3CD9430-1122-41F8-9AFC-737818DCD615}
		{A7DD585D-E633-432B-9717-CD00B73160F4} = {EF0E8180-90F9-4516-BF30-DDB147F3042E}
		{BAB819AA-A6EC-46D9-9C28-5802A17DA2E5} = {EF0E8180-90F9-4516-BF30-DDB147F3042E}
		{3C79790A-F08E-4E15-BF69-A8092AED24A5} = {4E5253D1-6704-4459-B37B-B4A0C1C52654}
		{51308A4C-E3CF-486D-BCC1-E66C2EA4EDAF} = {4E5253D1-6704-4459-B37B-B4A0C1C52654}
		{812A5200-A60D-4F08-A3E7-5FC1B8EA7B37} = {4E5253D1-6704-4459-B37B-B4A0C1C52654}
		{9EC8766E-D392-40F4-AA0B-7078209CD8C8} = {4E5253D1-6704-4459-B37B-B4A0C1C52654}
		{B069CBF4-3926-41D6-B27D-344077C5138B} = {4E5253D1-6704-4459-B37B-B4A0C1C52654}
		{BB23F508-8631-473E-ADC2-95CE73CEC611} = {4E5253D1-6704-4459-B37B-B4A0C1C52654}
		{C5002E14-B63E-4460-94A7-DB20305F32C3} = {4E5253D1-6704-4459-B37B-B4A0C1C52654}
		{619C99FE-AB34-4D23-B788-E1810F7BE4D5} = {4E5253D1-6704-4459-B37B-B4A0C1C52654}
		{112948E9-673A-4A58-9A0B-1A8E596CCB6B} = {B3CD9430-1122-41F8-9AFC-737818DCD615}
		{FE018784-B29E-47DA-91E9-5BA0FBADC104} = {EF0E8180-90F9-4516-BF30-DDB147F3042E}
	EndGlobalSection
	GlobalSection(ExtensibilityGlobals) = postSolution
		SolutionGuid = {9A554E03-2FFD-4B69-9403-8056E86381DB}
	EndGlobalSection
EndGlobal
